
Microsoft Visual Studio Solution File, Format Version 12.00
# Visual Studio 15
Project("{FAE04EC0-301F-11D3-BF4B-00C04F79EFBC}") = "TicTacToeKable.Android", "TicTacToeKable.Android\TicTacToeKable.Android.csproj", "{EF093796-A894-46F2-B18F-A6B91F081002}"
EndProject
Project("{FAE04EC0-301F-11D3-BF4B-00C04F79EFBC}") = "TicTacToeKable.iOS", "TicTacToeKable.iOS\TicTacToeKable.iOS.csproj", "{705B1515-3942-4301-A3D9-E9939604D85A}"
EndProject
Project("{FAE04EC0-301F-11D3-BF4B-00C04F79EFBC}") = "TicTacToeKable", "TicTacToeKable\TicTacToeKable.csproj", "{CF74F1F3-175A-4F4B-A1B0-6984AB02D74D}"
EndProject
Global
	GlobalSection(SolutionConfigurationPlatforms) = preSolution
		Debug|Any CPU = Debug|Any CPU
		Release|Any CPU = Release|Any CPU
		Debug|iPhoneSimulator = Debug|iPhoneSimulator
		Release|iPhoneSimulator = Release|iPhoneSimulator
		Debug|iPhone = Debug|iPhone
		Release|iPhone = Release|iPhone
		Ad-Hoc|iPhone = Ad-Hoc|iPhone
		AppStore|iPhone = AppStore|iPhone
	EndGlobalSection
	GlobalSection(ProjectConfigurationPlatforms) = postSolution
		{EF093796-A894-46F2-B18F-A6B91F081002}.Debug|Any CPU.ActiveCfg = Debug|Any CPU
		{EF093796-A894-46F2-B18F-A6B91F081002}.Debug|Any CPU.Build.0 = Debug|Any CPU
		{EF093796-A894-46F2-B18F-A6B91F081002}.Release|Any CPU.ActiveCfg = Release|Any CPU
		{EF093796-A894-46F2-B18F-A6B91F081002}.Release|Any CPU.Build.0 = Release|Any CPU
		{EF093796-A894-46F2-B18F-A6B91F081002}.Debug|iPhoneSimulator.ActiveCfg = Debug|Any CPU
		{EF093796-A894-46F2-B18F-A6B91F081002}.Debug|iPhoneSimulator.Build.0 = Debug|Any CPU
		{EF093796-A894-46F2-B18F-A6B91F081002}.Release|iPhoneSimulator.ActiveCfg = Release|Any CPU
		{EF093796-A894-46F2-B18F-A6B91F081002}.Release|iPhoneSimulator.Build.0 = Release|Any CPU
		{EF093796-A894-46F2-B18F-A6B91F081002}.Debug|iPhone.ActiveCfg = Debug|Any CPU
		{EF093796-A894-46F2-B18F-A6B91F081002}.Debug|iPhone.Build.0 = Debug|Any CPU
		{EF093796-A894-46F2-B18F-A6B91F081002}.Release|iPhone.ActiveCfg = Release|Any CPU
		{EF093796-A894-46F2-B18F-A6B91F081002}.Release|iPhone.Build.0 = Release|Any CPU
		{EF093796-A894-46F2-B18F-A6B91F081002}.Ad-Hoc|iPhone.ActiveCfg = Debug|Any CPU
		{EF093796-A894-46F2-B18F-A6B91F081002}.Ad-Hoc|iPhone.Build.0 = Debug|Any CPU
		{EF093796-A894-46F2-B18F-A6B91F081002}.AppStore|iPhone.ActiveCfg = Debug|Any CPU
		{EF093796-A894-46F2-B18F-A6B91F081002}.AppStore|iPhone.Build.0 = Debug|Any CPU
		{705B1515-3942-4301-A3D9-E9939604D85A}.Debug|Any CPU.ActiveCfg = Debug|iPhoneSimulator
		{705B1515-3942-4301-A3D9-E9939604D85A}.Debug|Any CPU.Build.0 = Debug|iPhoneSimulator
		{705B1515-3942-4301-A3D9-E9939604D85A}.Release|Any CPU.ActiveCfg = Release|iPhoneSimulator
		{705B1515-3942-4301-A3D9-E9939604D85A}.Release|Any CPU.Build.0 = Release|iPhoneSimulator
		{705B1515-3942-4301-A3D9-E9939604D85A}.Debug|iPhoneSimulator.ActiveCfg = Debug|iPhoneSimulator
		{705B1515-3942-4301-A3D9-E9939604D85A}.Debug|iPhoneSimulator.Build.0 = Debug|iPhoneSimulator
		{705B1515-3942-4301-A3D9-E9939604D85A}.Release|iPhoneSimulator.ActiveCfg = Release|iPhoneSimulator
		{705B1515-3942-4301-A3D9-E9939604D85A}.Release|iPhoneSimulator.Build.0 = Release|iPhoneSimulator
		{705B1515-3942-4301-A3D9-E9939604D85A}.Debug|iPhone.ActiveCfg = Debug|iPhone
		{705B1515-3942-4301-A3D9-E9939604D85A}.Debug|iPhone.Build.0 = Debug|iPhone
		{705B1515-3942-4301-A3D9-E9939604D85A}.Release|iPhone.ActiveCfg = Release|iPhone
		{705B1515-3942-4301-A3D9-E9939604D85A}.Release|iPhone.Build.0 = Release|iPhone
		{705B1515-3942-4301-A3D9-E9939604D85A}.Ad-Hoc|iPhone.ActiveCfg = Ad-Hoc|iPhone
		{705B1515-3942-4301-A3D9-E9939604D85A}.Ad-Hoc|iPhone.Build.0 = Ad-Hoc|iPhone
		{705B1515-3942-4301-A3D9-E9939604D85A}.AppStore|iPhone.ActiveCfg = AppStore|iPhone
		{705B1515-3942-4301-A3D9-E9939604D85A}.AppStore|iPhone.Build.0 = AppStore|iPhone
		{CF74F1F3-175A-4F4B-A1B0-6984AB02D74D}.Debug|Any CPU.ActiveCfg = Debug|Any CPU
		{CF74F1F3-175A-4F4B-A1B0-6984AB02D74D}.Debug|Any CPU.Build.0 = Debug|Any CPU
		{CF74F1F3-175A-4F4B-A1B0-6984AB02D74D}.Release|Any CPU.ActiveCfg = Release|Any CPU
		{CF74F1F3-175A-4F4B-A1B0-6984AB02D74D}.Release|Any CPU.Build.0 = Release|Any CPU
		{CF74F1F3-175A-4F4B-A1B0-6984AB02D74D}.Debug|iPhoneSimulator.ActiveCfg = Debug|Any CPU
		{CF74F1F3-175A-4F4B-A1B0-6984AB02D74D}.Debug|iPhoneSimulator.Build.0 = Debug|Any CPU
		{CF74F1F3-175A-4F4B-A1B0-6984AB02D74D}.Release|iPhoneSimulator.ActiveCfg = Release|Any CPU
		{CF74F1F3-175A-4F4B-A1B0-6984AB02D74D}.Release|iPhoneSimulator.Build.0 = Release|Any CPU
		{CF74F1F3-175A-4F4B-A1B0-6984AB02D74D}.Debug|iPhone.ActiveCfg = Debug|Any CPU
		{CF74F1F3-175A-4F4B-A1B0-6984AB02D74D}.Debug|iPhone.Build.0 = Debug|Any CPU
		{CF74F1F3-175A-4F4B-A1B0-6984AB02D74D}.Release|iPhone.ActiveCfg = Release|Any CPU
		{CF74F1F3-175A-4F4B-A1B0-6984AB02D74D}.Release|iPhone.Build.0 = Release|Any CPU
		{CF74F1F3-175A-4F4B-A1B0-6984AB02D74D}.Ad-Hoc|iPhone.ActiveCfg = Debug|Any CPU
		{CF74F1F3-175A-4F4B-A1B0-6984AB02D74D}.Ad-Hoc|iPhone.Build.0 = Debug|Any CPU
		{CF74F1F3-175A-4F4B-A1B0-6984AB02D74D}.AppStore|iPhone.ActiveCfg = Debug|Any CPU
		{CF74F1F3-175A-4F4B-A1B0-6984AB02D74D}.AppStore|iPhone.Build.0 = Debug|Any CPU
	EndGlobalSection
EndGlobal
